
Microsoft Visual Studio Solution File, Format Version 12.00
# Visual Studio Version 17
VisualStudioVersion = 17.13.35931.197 d17.13
MinimumVisualStudioVersion = 10.0.40219.1
Project("{FAE04EC0-301F-11D3-BF4B-00C04F79EFBC}") = "CustomerTrainerService", "CustomerTrainerService\CustomerTrainerService.csproj", "{C460130F-9B08-4930-B651-FCB49AA99750}"
EndProject
Project("{FAE04EC0-301F-11D3-BF4B-00C04F79EFBC}") = "ReservationService", "ReservationService\ReservationService.csproj", "{C39F02E4-D166-48D3-A79A-8E8D9AEF010A}"
EndProject
Global
	GlobalSection(SolutionConfigurationPlatforms) = preSolution
		Debug|Any CPU = Debug|Any CPU
		Release|Any CPU = Release|Any CPU
	EndGlobalSection
	GlobalSection(ProjectConfigurationPlatforms) = postSolution
		{C460130F-9B08-4930-B651-FCB49AA99750}.Debug|Any CPU.ActiveCfg = Debug|Any CPU
		{C460130F-9B08-4930-B651-FCB49AA99750}.Debug|Any CPU.Build.0 = Debug|Any CPU
		{C460130F-9B08-4930-B651-FCB49AA99750}.Release|Any CPU.ActiveCfg = Release|Any CPU
		{C460130F-9B08-4930-B651-FCB49AA99750}.Release|Any CPU.Build.0 = Release|Any CPU
		{C39F02E4-D166-48D3-A79A-8E8D9AEF010A}.Debug|Any CPU.ActiveCfg = Debug|Any CPU
		{C39F02E4-D166-48D3-A79A-8E8D9AEF010A}.Debug|Any CPU.Build.0 = Debug|Any CPU
		{C39F02E4-D166-48D3-A79A-8E8D9AEF010A}.Release|Any CPU.ActiveCfg = Release|Any CPU
		{C39F02E4-D166-48D3-A79A-8E8D9AEF010A}.Release|Any CPU.Build.0 = Release|Any CPU
	EndGlobalSection
	GlobalSection(SolutionProperties) = preSolution
		HideSolutionNode = FALSE
	EndGlobalSection
	GlobalSection(ExtensibilityGlobals) = postSolution
		SolutionGuid = {B3AEE3F4-DFF6-454F-B3B2-B335406A9629}
	EndGlobalSection
EndGlobal
